// !$*UTF8*$!
{
	archiveVersion = 1;
	classes = {
	};
	objectVersion = 46;
	objects = {

/* Begin PBXBuildFile section */
		E34206501BB999FE00AC38E3 /* main.m in Sources */ = {isa = PBXBuildFile; fileRef = E342064F1BB999FE00AC38E3 /* main.m */; };
		E34206531BB999FE00AC38E3 /* AppDelegate.m in Sources */ = {isa = PBXBuildFile; fileRef = E34206521BB999FE00AC38E3 /* AppDelegate.m */; };
		E34206561BB999FE00AC38E3 /* ViewController.m in Sources */ = {isa = PBXBuildFile; fileRef = E34206551BB999FE00AC38E3 /* ViewController.m */; };
		E34206591BB999FE00AC38E3 /* Main.storyboard in Resources */ = {isa = PBXBuildFile; fileRef = E34206571BB999FE00AC38E3 /* Main.storyboard */; };
		E342065C1BB999FE00AC38E3 /* ESTabBarController.xcdatamodeld in Sources */ = {isa = PBXBuildFile; fileRef = E342065A1BB999FE00AC38E3 /* ESTabBarController.xcdatamodeld */; };
		E342065E1BB999FE00AC38E3 /* Assets.xcassets in Resources */ = {isa = PBXBuildFile; fileRef = E342065D1BB999FE00AC38E3 /* Assets.xcassets */; };
		E34206611BB999FE00AC38E3 /* LaunchScreen.storyboard in Resources */ = {isa = PBXBuildFile; fileRef = E342065F1BB999FE00AC38E3 /* LaunchScreen.storyboard */; };
		E342066C1BB999FE00AC38E3 /* ESTabBarControllerTests.m in Sources */ = {isa = PBXBuildFile; fileRef = E342066B1BB999FE00AC38E3 /* ESTabBarControllerTests.m */; };
		E34206771BB999FE00AC38E3 /* ESTabBarControllerUITests.m in Sources */ = {isa = PBXBuildFile; fileRef = E34206761BB999FE00AC38E3 /* ESTabBarControllerUITests.m */; };
		E342068D1BB99A3500AC38E3 /* ESTabBarController+Autolayout.m in Sources */ = {isa = PBXBuildFile; fileRef = E34206861BB99A3500AC38E3 /* ESTabBarController+Autolayout.m */; settings = {ASSET_TAGS = (); }; };
		E342068E1BB99A3500AC38E3 /* UIButton+ESTabBar.m in Sources */ = {isa = PBXBuildFile; fileRef = E34206881BB99A3500AC38E3 /* UIButton+ESTabBar.m */; settings = {ASSET_TAGS = (); }; };
		E342068F1BB99A3500AC38E3 /* ESTabBarController.m in Sources */ = {isa = PBXBuildFile; fileRef = E342068B1BB99A3500AC38E3 /* ESTabBarController.m */; settings = {ASSET_TAGS = (); }; };
		E34206901BB99A3500AC38E3 /* ESTabBarController.xib in Resources */ = {isa = PBXBuildFile; fileRef = E342068C1BB99A3500AC38E3 /* ESTabBarController.xib */; settings = {ASSET_TAGS = (); }; };
		E34206931BB9A2AE00AC38E3 /* ProfileViewController.m in Sources */ = {isa = PBXBuildFile; fileRef = E34206921BB9A2AE00AC38E3 /* ProfileViewController.m */; settings = {ASSET_TAGS = (); }; };
		E34206961BB9A2BE00AC38E3 /* EmailViewController.m in Sources */ = {isa = PBXBuildFile; fileRef = E34206951BB9A2BE00AC38E3 /* EmailViewController.m */; settings = {ASSET_TAGS = (); }; };
		E34206991BB9A30500AC38E3 /* SearchViewController.m in Sources */ = {isa = PBXBuildFile; fileRef = E34206981BB9A30500AC38E3 /* SearchViewController.m */; settings = {ASSET_TAGS = (); }; };
/* End PBXBuildFile section */

/* Begin PBXContainerItemProxy section */
		E34206681BB999FE00AC38E3 /* PBXContainerItemProxy */ = {
			isa = PBXContainerItemProxy;
			containerPortal = E34206431BB999FE00AC38E3 /* Project object */;
			proxyType = 1;
			remoteGlobalIDString = E342064A1BB999FE00AC38E3;
			remoteInfo = ESTabBarController;
		};
		E34206731BB999FE00AC38E3 /* PBXContainerItemProxy */ = {
			isa = PBXContainerItemProxy;
			containerPortal = E34206431BB999FE00AC38E3 /* Project object */;
			proxyType = 1;
			remoteGlobalIDString = E342064A1BB999FE00AC38E3;
			remoteInfo = ESTabBarController;
		};
/* End PBXContainerItemProxy section */

/* Begin PBXFileReference section */
		E342064B1BB999FE00AC38E3 /* ESTabBarController.app */ = {isa = PBXFileReference; explicitFileType = wrapper.application; includeInIndex = 0; path = ESTabBarController.app; sourceTree = BUILT_PRODUCTS_DIR; };
		E342064F1BB999FE00AC38E3 /* main.m */ = {isa = PBXFileReference; lastKnownFileType = sourcecode.c.objc; path = main.m; sourceTree = "<group>"; };
		E34206511BB999FE00AC38E3 /* AppDelegate.h */ = {isa = PBXFileReference; lastKnownFileType = sourcecode.c.h; path = AppDelegate.h; sourceTree = "<group>"; };
		E34206521BB999FE00AC38E3 /* AppDelegate.m */ = {isa = PBXFileReference; lastKnownFileType = sourcecode.c.objc; path = AppDelegate.m; sourceTree = "<group>"; };
		E34206541BB999FE00AC38E3 /* ViewController.h */ = {isa = PBXFileReference; lastKnownFileType = sourcecode.c.h; path = ViewController.h; sourceTree = "<group>"; };
		E34206551BB999FE00AC38E3 /* ViewController.m */ = {isa = PBXFileReference; lastKnownFileType = sourcecode.c.objc; path = ViewController.m; sourceTree = "<group>"; };
		E34206581BB999FE00AC38E3 /* Base */ = {isa = PBXFileReference; lastKnownFileType = file.storyboard; name = Base; path = Base.lproj/Main.storyboard; sourceTree = "<group>"; };
		E342065B1BB999FE00AC38E3 /* ESTabBarController.xcdatamodel */ = {isa = PBXFileReference; lastKnownFileType = wrapper.xcdatamodel; path = ESTabBarController.xcdatamodel; sourceTree = "<group>"; };
		E342065D1BB999FE00AC38E3 /* Assets.xcassets */ = {isa = PBXFileReference; lastKnownFileType = folder.assetcatalog; path = Assets.xcassets; sourceTree = "<group>"; };
		E34206601BB999FE00AC38E3 /* Base */ = {isa = PBXFileReference; lastKnownFileType = file.storyboard; name = Base; path = Base.lproj/LaunchScreen.storyboard; sourceTree = "<group>"; };
		E34206621BB999FE00AC38E3 /* Info.plist */ = {isa = PBXFileReference; lastKnownFileType = text.plist.xml; path = Info.plist; sourceTree = "<group>"; };
		E34206671BB999FE00AC38E3 /* ESTabBarControllerTests.xctest */ = {isa = PBXFileReference; explicitFileType = wrapper.cfbundle; includeInIndex = 0; path = ESTabBarControllerTests.xctest; sourceTree = BUILT_PRODUCTS_DIR; };
		E342066B1BB999FE00AC38E3 /* ESTabBarControllerTests.m */ = {isa = PBXFileReference; lastKnownFileType = sourcecode.c.objc; path = ESTabBarControllerTests.m; sourceTree = "<group>"; };
		E342066D1BB999FE00AC38E3 /* Info.plist */ = {isa = PBXFileReference; lastKnownFileType = text.plist.xml; path = Info.plist; sourceTree = "<group>"; };
		E34206721BB999FE00AC38E3 /* ESTabBarControllerUITests.xctest */ = {isa = PBXFileReference; explicitFileType = wrapper.cfbundle; includeInIndex = 0; path = ESTabBarControllerUITests.xctest; sourceTree = BUILT_PRODUCTS_DIR; };
		E34206761BB999FE00AC38E3 /* ESTabBarControllerUITests.m */ = {isa = PBXFileReference; lastKnownFileType = sourcecode.c.objc; path = ESTabBarControllerUITests.m; sourceTree = "<group>"; };
		E34206781BB999FE00AC38E3 /* Info.plist */ = {isa = PBXFileReference; lastKnownFileType = text.plist.xml; path = Info.plist; sourceTree = "<group>"; };
		E34206851BB99A3500AC38E3 /* ESTabBarController+Autolayout.h */ = {isa = PBXFileReference; fileEncoding = 4; lastKnownFileType = sourcecode.c.h; path = "ESTabBarController+Autolayout.h"; sourceTree = "<group>"; };
		E34206861BB99A3500AC38E3 /* ESTabBarController+Autolayout.m */ = {isa = PBXFileReference; fileEncoding = 4; lastKnownFileType = sourcecode.c.objc; path = "ESTabBarController+Autolayout.m"; sourceTree = "<group>"; };
		E34206871BB99A3500AC38E3 /* UIButton+ESTabBar.h */ = {isa = PBXFileReference; fileEncoding = 4; lastKnownFileType = sourcecode.c.h; path = "UIButton+ESTabBar.h"; sourceTree = "<group>"; };
		E34206881BB99A3500AC38E3 /* UIButton+ESTabBar.m */ = {isa = PBXFileReference; fileEncoding = 4; lastKnownFileType = sourcecode.c.objc; path = "UIButton+ESTabBar.m"; sourceTree = "<group>"; };
		E342068A1BB99A3500AC38E3 /* ESTabBarController.h */ = {isa = PBXFileReference; fileEncoding = 4; lastKnownFileType = sourcecode.c.h; path = ESTabBarController.h; sourceTree = "<group>"; };
		E342068B1BB99A3500AC38E3 /* ESTabBarController.m */ = {isa = PBXFileReference; fileEncoding = 4; lastKnownFileType = sourcecode.c.objc; path = ESTabBarController.m; sourceTree = "<group>"; };
		E342068C1BB99A3500AC38E3 /* ESTabBarController.xib */ = {isa = PBXFileReference; fileEncoding = 4; lastKnownFileType = file.xib; path = ESTabBarController.xib; sourceTree = "<group>"; };
		E34206911BB9A2AE00AC38E3 /* ProfileViewController.h */ = {isa = PBXFileReference; fileEncoding = 4; lastKnownFileType = sourcecode.c.h; path = ProfileViewController.h; sourceTree = "<group>"; };
		E34206921BB9A2AE00AC38E3 /* ProfileViewController.m */ = {isa = PBXFileReference; fileEncoding = 4; lastKnownFileType = sourcecode.c.objc; path = ProfileViewController.m; sourceTree = "<group>"; };
		E34206941BB9A2BE00AC38E3 /* EmailViewController.h */ = {isa = PBXFileReference; fileEncoding = 4; lastKnownFileType = sourcecode.c.h; path = EmailViewController.h; sourceTree = "<group>"; };
		E34206951BB9A2BE00AC38E3 /* EmailViewController.m */ = {isa = PBXFileReference; fileEncoding = 4; lastKnownFileType = sourcecode.c.objc; path = EmailViewController.m; sourceTree = "<group>"; };
		E34206971BB9A30500AC38E3 /* SearchViewController.h */ = {isa = PBXFileReference; fileEncoding = 4; lastKnownFileType = sourcecode.c.h; path = SearchViewController.h; sourceTree = "<group>"; };
		E34206981BB9A30500AC38E3 /* SearchViewController.m */ = {isa = PBXFileReference; fileEncoding = 4; lastKnownFileType = sourcecode.c.objc; path = SearchViewController.m; sourceTree = "<group>"; };
/* End PBXFileReference section */

/* Begin PBXFrameworksBuildPhase section */
		E34206481BB999FE00AC38E3 /* Frameworks */ = {
			isa = PBXFrameworksBuildPhase;
			buildActionMask = 2147483647;
			files = (
			);
			runOnlyForDeploymentPostprocessing = 0;
		};
		E34206641BB999FE00AC38E3 /* Frameworks */ = {
			isa = PBXFrameworksBuildPhase;
			buildActionMask = 2147483647;
			files = (
			);
			runOnlyForDeploymentPostprocessing = 0;
		};
		E342066F1BB999FE00AC38E3 /* Frameworks */ = {
			isa = PBXFrameworksBuildPhase;
			buildActionMask = 2147483647;
			files = (
			);
			runOnlyForDeploymentPostprocessing = 0;
		};
/* End PBXFrameworksBuildPhase section */

/* Begin PBXGroup section */
		E34206421BB999FE00AC38E3 = {
			isa = PBXGroup;
			children = (
				E342064D1BB999FE00AC38E3 /* ESTabBarController */,
				E342066A1BB999FE00AC38E3 /* ESTabBarControllerTests */,
				E34206751BB999FE00AC38E3 /* ESTabBarControllerUITests */,
				E342064C1BB999FE00AC38E3 /* Products */,
				E34206841BB99A3500AC38E3 /* Categories */,
				E34206891BB99A3500AC38E3 /* Controllers */,
			);
			sourceTree = "<group>";
		};
		E342064C1BB999FE00AC38E3 /* Products */ = {
			isa = PBXGroup;
			children = (
				E342064B1BB999FE00AC38E3 /* ESTabBarController.app */,
				E34206671BB999FE00AC38E3 /* ESTabBarControllerTests.xctest */,
				E34206721BB999FE00AC38E3 /* ESTabBarControllerUITests.xctest */,
			);
			name = Products;
			sourceTree = "<group>";
		};
		E342064D1BB999FE00AC38E3 /* ESTabBarController */ = {
			isa = PBXGroup;
			children = (
				E34206511BB999FE00AC38E3 /* AppDelegate.h */,
				E34206521BB999FE00AC38E3 /* AppDelegate.m */,
				E34206541BB999FE00AC38E3 /* ViewController.h */,
				E34206551BB999FE00AC38E3 /* ViewController.m */,
				E34206911BB9A2AE00AC38E3 /* ProfileViewController.h */,
				E34206921BB9A2AE00AC38E3 /* ProfileViewController.m */,
				E34206941BB9A2BE00AC38E3 /* EmailViewController.h */,
				E34206951BB9A2BE00AC38E3 /* EmailViewController.m */,
				E34206971BB9A30500AC38E3 /* SearchViewController.h */,
				E34206981BB9A30500AC38E3 /* SearchViewController.m */,
				E34206571BB999FE00AC38E3 /* Main.storyboard */,
				E342065D1BB999FE00AC38E3 /* Assets.xcassets */,
				E342065F1BB999FE00AC38E3 /* LaunchScreen.storyboard */,
				E34206621BB999FE00AC38E3 /* Info.plist */,
				E342065A1BB999FE00AC38E3 /* ESTabBarController.xcdatamodeld */,
				E342064E1BB999FE00AC38E3 /* Supporting Files */,
			);
			path = ESTabBarController;
			sourceTree = "<group>";
		};
		E342064E1BB999FE00AC38E3 /* Supporting Files */ = {
			isa = PBXGroup;
			children = (
				E342064F1BB999FE00AC38E3 /* main.m */,
			);
			name = "Supporting Files";
			sourceTree = "<group>";
		};
		E342066A1BB999FE00AC38E3 /* ESTabBarControllerTests */ = {
			isa = PBXGroup;
			children = (
				E342066B1BB999FE00AC38E3 /* ESTabBarControllerTests.m */,
				E342066D1BB999FE00AC38E3 /* Info.plist */,
			);
			path = ESTabBarControllerTests;
			sourceTree = "<group>";
		};
		E34206751BB999FE00AC38E3 /* ESTabBarControllerUITests */ = {
			isa = PBXGroup;
			children = (
				E34206761BB999FE00AC38E3 /* ESTabBarControllerUITests.m */,
				E34206781BB999FE00AC38E3 /* Info.plist */,
			);
			path = ESTabBarControllerUITests;
			sourceTree = "<group>";
		};
		E34206841BB99A3500AC38E3 /* Categories */ = {
			isa = PBXGroup;
			children = (
				E34206851BB99A3500AC38E3 /* ESTabBarController+Autolayout.h */,
				E34206861BB99A3500AC38E3 /* ESTabBarController+Autolayout.m */,
				E34206871BB99A3500AC38E3 /* UIButton+ESTabBar.h */,
				E34206881BB99A3500AC38E3 /* UIButton+ESTabBar.m */,
			);
			path = Categories;
			sourceTree = "<group>";
		};
		E34206891BB99A3500AC38E3 /* Controllers */ = {
			isa = PBXGroup;
			children = (
				E342068A1BB99A3500AC38E3 /* ESTabBarController.h */,
				E342068B1BB99A3500AC38E3 /* ESTabBarController.m */,
				E342068C1BB99A3500AC38E3 /* ESTabBarController.xib */,
			);
			path = Controllers;
			sourceTree = "<group>";
		};
/* End PBXGroup section */

/* Begin PBXNativeTarget section */
		E342064A1BB999FE00AC38E3 /* ESTabBarController */ = {
			isa = PBXNativeTarget;
			buildConfigurationList = E342067B1BB999FE00AC38E3 /* Build configuration list for PBXNativeTarget "ESTabBarController" */;
			buildPhases = (
				E34206471BB999FE00AC38E3 /* Sources */,
				E34206481BB999FE00AC38E3 /* Frameworks */,
				E34206491BB999FE00AC38E3 /* Resources */,
			);
			buildRules = (
			);
			dependencies = (
			);
			name = ESTabBarController;
			productName = ESTabBarController;
			productReference = E342064B1BB999FE00AC38E3 /* ESTabBarController.app */;
			productType = "com.apple.product-type.application";
		};
		E34206661BB999FE00AC38E3 /* ESTabBarControllerTests */ = {
			isa = PBXNativeTarget;
			buildConfigurationList = E342067E1BB999FE00AC38E3 /* Build configuration list for PBXNativeTarget "ESTabBarControllerTests" */;
			buildPhases = (
				E34206631BB999FE00AC38E3 /* Sources */,
				E34206641BB999FE00AC38E3 /* Frameworks */,
				E34206651BB999FE00AC38E3 /* Resources */,
			);
			buildRules = (
			);
			dependencies = (
				E34206691BB999FE00AC38E3 /* PBXTargetDependency */,
			);
			name = ESTabBarControllerTests;
			productName = ESTabBarControllerTests;
			productReference = E34206671BB999FE00AC38E3 /* ESTabBarControllerTests.xctest */;
			productType = "com.apple.product-type.bundle.unit-test";
		};
		E34206711BB999FE00AC38E3 /* ESTabBarControllerUITests */ = {
			isa = PBXNativeTarget;
			buildConfigurationList = E34206811BB999FE00AC38E3 /* Build configuration list for PBXNativeTarget "ESTabBarControllerUITests" */;
			buildPhases = (
				E342066E1BB999FE00AC38E3 /* Sources */,
				E342066F1BB999FE00AC38E3 /* Frameworks */,
				E34206701BB999FE00AC38E3 /* Resources */,
			);
			buildRules = (
			);
			dependencies = (
				E34206741BB999FE00AC38E3 /* PBXTargetDependency */,
			);
			name = ESTabBarControllerUITests;
			productName = ESTabBarControllerUITests;
			productReference = E34206721BB999FE00AC38E3 /* ESTabBarControllerUITests.xctest */;
			productType = "com.apple.product-type.bundle.ui-testing";
		};
/* End PBXNativeTarget section */

/* Begin PBXProject section */
		E34206431BB999FE00AC38E3 /* Project object */ = {
			isa = PBXProject;
			attributes = {
				LastUpgradeCheck = 0700;
				ORGANIZATIONNAME = "Mohamad Moudallal";
				TargetAttributes = {
					E342064A1BB999FE00AC38E3 = {
						CreatedOnToolsVersion = 7.0;
						DevelopmentTeam = 395RQ7A2W8;
					};
					E34206661BB999FE00AC38E3 = {
						CreatedOnToolsVersion = 7.0;
						DevelopmentTeam = 395RQ7A2W8;
						TestTargetID = E342064A1BB999FE00AC38E3;
					};
					E34206711BB999FE00AC38E3 = {
						CreatedOnToolsVersion = 7.0;
						DevelopmentTeam = 395RQ7A2W8;
						TestTargetID = E342064A1BB999FE00AC38E3;
					};
				};
			};
			buildConfigurationList = E34206461BB999FE00AC38E3 /* Build configuration list for PBXProject "ESTabBarController" */;
			compatibilityVersion = "Xcode 3.2";
			developmentRegion = English;
			hasScannedForEncodings = 0;
			knownRegions = (
				en,
				Base,
			);
			mainGroup = E34206421BB999FE00AC38E3;
			productRefGroup = E342064C1BB999FE00AC38E3 /* Products */;
			projectDirPath = "";
			projectRoot = "";
			targets = (
				E342064A1BB999FE00AC38E3 /* ESTabBarController */,
				E34206661BB999FE00AC38E3 /* ESTabBarControllerTests */,
				E34206711BB999FE00AC38E3 /* ESTabBarControllerUITests */,
			);
		};
/* End PBXProject section */

/* Begin PBXResourcesBuildPhase section */
		E34206491BB999FE00AC38E3 /* Resources */ = {
			isa = PBXResourcesBuildPhase;
			buildActionMask = 2147483647;
			files = (
				E34206611BB999FE00AC38E3 /* LaunchScreen.storyboard in Resources */,
				E342065E1BB999FE00AC38E3 /* Assets.xcassets in Resources */,
				E34206591BB999FE00AC38E3 /* Main.storyboard in Resources */,
				E34206901BB99A3500AC38E3 /* ESTabBarController.xib in Resources */,
			);
			runOnlyForDeploymentPostprocessing = 0;
		};
		E34206651BB999FE00AC38E3 /* Resources */ = {
			isa = PBXResourcesBuildPhase;
			buildActionMask = 2147483647;
			files = (
			);
			runOnlyForDeploymentPostprocessing = 0;
		};
		E34206701BB999FE00AC38E3 /* Resources */ = {
			isa = PBXResourcesBuildPhase;
			buildActionMask = 2147483647;
			files = (
			);
			runOnlyForDeploymentPostprocessing = 0;
		};
/* End PBXResourcesBuildPhase section */

/* Begin PBXSourcesBuildPhase section */
		E34206471BB999FE00AC38E3 /* Sources */ = {
			isa = PBXSourcesBuildPhase;
			buildActionMask = 2147483647;
			files = (
				E34206561BB999FE00AC38E3 /* ViewController.m in Sources */,
				E34206531BB999FE00AC38E3 /* AppDelegate.m in Sources */,
				E34206991BB9A30500AC38E3 /* SearchViewController.m in Sources */,
				E34206931BB9A2AE00AC38E3 /* ProfileViewController.m in Sources */,
				E342068D1BB99A3500AC38E3 /* ESTabBarController+Autolayout.m in Sources */,
				E34206501BB999FE00AC38E3 /* main.m in Sources */,
				E342065C1BB999FE00AC38E3 /* ESTabBarController.xcdatamodeld in Sources */,
				E34206961BB9A2BE00AC38E3 /* EmailViewController.m in Sources */,
				E342068F1BB99A3500AC38E3 /* ESTabBarController.m in Sources */,
				E342068E1BB99A3500AC38E3 /* UIButton+ESTabBar.m in Sources */,
			);
			runOnlyForDeploymentPostprocessing = 0;
		};
		E34206631BB999FE00AC38E3 /* Sources */ = {
			isa = PBXSourcesBuildPhase;
			buildActionMask = 2147483647;
			files = (
				E342066C1BB999FE00AC38E3 /* ESTabBarControllerTests.m in Sources */,
			);
			runOnlyForDeploymentPostprocessing = 0;
		};
		E342066E1BB999FE00AC38E3 /* Sources */ = {
			isa = PBXSourcesBuildPhase;
			buildActionMask = 2147483647;
			files = (
				E34206771BB999FE00AC38E3 /* ESTabBarControllerUITests.m in Sources */,
			);
			runOnlyForDeploymentPostprocessing = 0;
		};
/* End PBXSourcesBuildPhase section */

/* Begin PBXTargetDependency section */
		E34206691BB999FE00AC38E3 /* PBXTargetDependency */ = {
			isa = PBXTargetDependency;
			target = E342064A1BB999FE00AC38E3 /* ESTabBarController */;
			targetProxy = E34206681BB999FE00AC38E3 /* PBXContainerItemProxy */;
		};
		E34206741BB999FE00AC38E3 /* PBXTargetDependency */ = {
			isa = PBXTargetDependency;
			target = E342064A1BB999FE00AC38E3 /* ESTabBarController */;
			targetProxy = E34206731BB999FE00AC38E3 /* PBXContainerItemProxy */;
		};
/* End PBXTargetDependency section */

/* Begin PBXVariantGroup section */
		E34206571BB999FE00AC38E3 /* Main.storyboard */ = {
			isa = PBXVariantGroup;
			children = (
				E34206581BB999FE00AC38E3 /* Base */,
			);
			name = Main.storyboard;
			sourceTree = "<group>";
		};
		E342065F1BB999FE00AC38E3 /* LaunchScreen.storyboard */ = {
			isa = PBXVariantGroup;
			children = (
				E34206601BB999FE00AC38E3 /* Base */,
			);
			name = LaunchScreen.storyboard;
			sourceTree = "<group>";
		};
/* End PBXVariantGroup section */

/* Begin XCBuildConfiguration section */
		E34206791BB999FE00AC38E3 /* Debug */ = {
			isa = XCBuildConfiguration;
			buildSettings = {
				ALWAYS_SEARCH_USER_PATHS = NO;
				CLANG_CXX_LANGUAGE_STANDARD = "gnu++0x";
				CLANG_CXX_LIBRARY = "libc++";
				CLANG_ENABLE_MODULES = YES;
				CLANG_ENABLE_OBJC_ARC = YES;
				CLANG_WARN_BOOL_CONVERSION = YES;
				CLANG_WARN_CONSTANT_CONVERSION = YES;
				CLANG_WARN_DIRECT_OBJC_ISA_USAGE = YES_ERROR;
				CLANG_WARN_EMPTY_BODY = YES;
				CLANG_WARN_ENUM_CONVERSION = YES;
				CLANG_WARN_INT_CONVERSION = YES;
				CLANG_WARN_OBJC_ROOT_CLASS = YES_ERROR;
				CLANG_WARN_UNREACHABLE_CODE = YES;
				CLANG_WARN__DUPLICATE_METHOD_MATCH = YES;
				"CODE_SIGN_IDENTITY[sdk=iphoneos*]" = "iPhone Developer";
				COPY_PHASE_STRIP = NO;
				DEBUG_INFORMATION_FORMAT = dwarf;
				ENABLE_STRICT_OBJC_MSGSEND = YES;
				ENABLE_TESTABILITY = YES;
				GCC_C_LANGUAGE_STANDARD = gnu99;
				GCC_DYNAMIC_NO_PIC = NO;
				GCC_NO_COMMON_BLOCKS = YES;
				GCC_OPTIMIZATION_LEVEL = 0;
				GCC_PREPROCESSOR_DEFINITIONS = (
					"DEBUG=1",
					"$(inherited)",
				);
				GCC_WARN_64_TO_32_BIT_CONVERSION = YES;
				GCC_WARN_ABOUT_RETURN_TYPE = YES_ERROR;
				GCC_WARN_UNDECLARED_SELECTOR = YES;
				GCC_WARN_UNINITIALIZED_AUTOS = YES_AGGRESSIVE;
				GCC_WARN_UNUSED_FUNCTION = YES;
				GCC_WARN_UNUSED_VARIABLE = YES;
				IPHONEOS_DEPLOYMENT_TARGET = 9.0;
				MTL_ENABLE_DEBUG_INFO = YES;
				ONLY_ACTIVE_ARCH = YES;
				SDKROOT = iphoneos;
			};
			name = Debug;
		};
		E342067A1BB999FE00AC38E3 /* Release */ = {
			isa = XCBuildConfiguration;
			buildSettings = {
				ALWAYS_SEARCH_USER_PATHS = NO;
				CLANG_CXX_LANGUAGE_STANDARD = "gnu++0x";
				CLANG_CXX_LIBRARY = "libc++";
				CLANG_ENABLE_MODULES = YES;
				CLANG_ENABLE_OBJC_ARC = YES;
				CLANG_WARN_BOOL_CONVERSION = YES;
				CLANG_WARN_CONSTANT_CONVERSION = YES;
				CLANG_WARN_DIRECT_OBJC_ISA_USAGE = YES_ERROR;
				CLANG_WARN_EMPTY_BODY = YES;
				CLANG_WARN_ENUM_CONVERSION = YES;
				CLANG_WARN_INT_CONVERSION = YES;
				CLANG_WARN_OBJC_ROOT_CLASS = YES_ERROR;
				CLANG_WARN_UNREACHABLE_CODE = YES;
				CLANG_WARN__DUPLICATE_METHOD_MATCH = YES;
				"CODE_SIGN_IDENTITY[sdk=iphoneos*]" = "iPhone Developer";
				COPY_PHASE_STRIP = NO;
				DEBUG_INFORMATION_FORMAT = "dwarf-with-dsym";
				ENABLE_NS_ASSERTIONS = NO;
				ENABLE_STRICT_OBJC_MSGSEND = YES;
				GCC_C_LANGUAGE_STANDARD = gnu99;
				GCC_NO_COMMON_BLOCKS = YES;
				GCC_WARN_64_TO_32_BIT_CONVERSION = YES;
				GCC_WARN_ABOUT_RETURN_TYPE = YES_ERROR;
				GCC_WARN_UNDECLARED_SELECTOR = YES;
				GCC_WARN_UNINITIALIZED_AUTOS = YES_AGGRESSIVE;
				GCC_WARN_UNUSED_FUNCTION = YES;
				GCC_WARN_UNUSED_VARIABLE = YES;
				IPHONEOS_DEPLOYMENT_TARGET = 9.0;
				MTL_ENABLE_DEBUG_INFO = NO;
				SDKROOT = iphoneos;
				VALIDATE_PRODUCT = YES;
			};
			name = Release;
		};
		E342067C1BB999FE00AC38E3 /* Debug */ = {
			isa = XCBuildConfiguration;
			buildSettings = {
				ASSETCATALOG_COMPILER_APPICON_NAME = AppIcon;
				INFOPLIST_FILE = ESTabBarController/Info.plist;
				LD_RUNPATH_SEARCH_PATHS = "$(inherited) @executable_path/Frameworks";
				PRODUCT_BUNDLE_IDENTIFIER = com.micronamic.ESTabBarController;
				PRODUCT_NAME = "$(TARGET_NAME)";
			};
			name = Debug;
		};
		E342067D1BB999FE00AC38E3 /* Release */ = {
			isa = XCBuildConfiguration;
			buildSettings = {
				ASSETCATALOG_COMPILER_APPICON_NAME = AppIcon;
				INFOPLIST_FILE = ESTabBarController/Info.plist;
				LD_RUNPATH_SEARCH_PATHS = "$(inherited) @executable_path/Frameworks";
				PRODUCT_BUNDLE_IDENTIFIER = com.micronamic.ESTabBarController;
				PRODUCT_NAME = "$(TARGET_NAME)";
			};
			name = Release;
		};
		E342067F1BB999FE00AC38E3 /* Debug */ = {
			isa = XCBuildConfiguration;
			buildSettings = {
				BUNDLE_LOADER = "$(TEST_HOST)";
				INFOPLIST_FILE = ESTabBarControllerTests/Info.plist;
				LD_RUNPATH_SEARCH_PATHS = "$(inherited) @executable_path/Frameworks @loader_path/Frameworks";
				PRODUCT_BUNDLE_IDENTIFIER = com.micronamic.ESTabBarControllerTests;
				PRODUCT_NAME = "$(TARGET_NAME)";
				TEST_HOST = "$(BUILT_PRODUCTS_DIR)/ESTabBarController.app/ESTabBarController";
			};
			name = Debug;
		};
		E34206801BB999FE00AC38E3 /* Release */ = {
			isa = XCBuildConfiguration;
			buildSettings = {
				BUNDLE_LOADER = "$(TEST_HOST)";
				INFOPLIST_FILE = ESTabBarControllerTests/Info.plist;
				LD_RUNPATH_SEARCH_PATHS = "$(inherited) @executable_path/Frameworks @loader_path/Frameworks";
				PRODUCT_BUNDLE_IDENTIFIER = com.micronamic.ESTabBarControllerTests;
				PRODUCT_NAME = "$(TARGET_NAME)";
				TEST_HOST = "$(BUILT_PRODUCTS_DIR)/ESTabBarController.app/ESTabBarController";
			};
			name = Release;
		};
		E34206821BB999FE00AC38E3 /* Debug */ = {
			isa = XCBuildConfiguration;
			buildSettings = {
				INFOPLIST_FILE = ESTabBarControllerUITests/Info.plist;
				LD_RUNPATH_SEARCH_PATHS = "$(inherited) @executable_path/Frameworks @loader_path/Frameworks";
				PRODUCT_BUNDLE_IDENTIFIER = com.micronamic.ESTabBarControllerUITests;
				PRODUCT_NAME = "$(TARGET_NAME)";
				TEST_TARGET_NAME = ESTabBarController;
				USES_XCTRUNNER = YES;
			};
			name = Debug;
		};
		E34206831BB999FE00AC38E3 /* Release */ = {
			isa = XCBuildConfiguration;
			buildSettings = {
				INFOPLIST_FILE = ESTabBarControllerUITests/Info.plist;
				LD_RUNPATH_SEARCH_PATHS = "$(inherited) @executable_path/Frameworks @loader_path/Frameworks";
				PRODUCT_BUNDLE_IDENTIFIER = com.micronamic.ESTabBarControllerUITests;
				PRODUCT_NAME = "$(TARGET_NAME)";
				TEST_TARGET_NAME = ESTabBarController;
				USES_XCTRUNNER = YES;
			};
			name = Release;
		};
/* End XCBuildConfiguration section */

/* Begin XCConfigurationList section */
		E34206461BB999FE00AC38E3 /* Build configuration list for PBXProject "ESTabBarController" */ = {
			isa = XCConfigurationList;
			buildConfigurations = (
				E34206791BB999FE00AC38E3 /* Debug */,
				E342067A1BB999FE00AC38E3 /* Release */,
			);
			defaultConfigurationIsVisible = 0;
			defaultConfigurationName = Release;
		};
		E342067B1BB999FE00AC38E3 /* Build configuration list for PBXNativeTarget "ESTabBarController" */ = {
			isa = XCConfigurationList;
			buildConfigurations = (
				E342067C1BB999FE00AC38E3 /* Debug */,
				E342067D1BB999FE00AC38E3 /* Release */,
			);
			defaultConfigurationIsVisible = 0;
			defaultConfigurationName = Release;
		};
		E342067E1BB999FE00AC38E3 /* Build configuration list for PBXNativeTarget "ESTabBarControllerTests" */ = {
			isa = XCConfigurationList;
			buildConfigurations = (
				E342067F1BB999FE00AC38E3 /* Debug */,
				E34206801BB999FE00AC38E3 /* Release */,
			);
			defaultConfigurationIsVisible = 0;
			defaultConfigurationName = Release;
		};
		E34206811BB999FE00AC38E3 /* Build configuration list for PBXNativeTarget "ESTabBarControllerUITests" */ = {
			isa = XCConfigurationList;
			buildConfigurations = (
				E34206821BB999FE00AC38E3 /* Debug */,
				E34206831BB999FE00AC38E3 /* Release */,
			);
			defaultConfigurationIsVisible = 0;
			defaultConfigurationName = Release;
		};
/* End XCConfigurationList section */

/* Begin XCVersionGroup section */
		E342065A1BB999FE00AC38E3 /* ESTabBarController.xcdatamodeld */ = {
			isa = XCVersionGroup;
			children = (
				E342065B1BB999FE00AC38E3 /* ESTabBarController.xcdatamodel */,
			);
			currentVersion = E342065B1BB999FE00AC38E3 /* ESTabBarController.xcdatamodel */;
			path = ESTabBarController.xcdatamodeld;
			sourceTree = "<group>";
			versionGroupType = wrapper.xcdatamodel;
		};
/* End XCVersionGroup section */
	};
	rootObject = E34206431BB999FE00AC38E3 /* Project object */;
}
